
Microsoft Visual Studio Solution File, Format Version 12.00
# Visual Studio Version 16
VisualStudioVersion = 16.0.31005.135
MinimumVisualStudioVersion = 10.0.40219.1
Project("{FAE04EC0-301F-11D3-BF4B-00C04F79EFBC}") = "Garments", "Garments\Garments.csproj", "{A88731D0-FBD5-448B-8EF8-780D7E9CA8CA}"
EndProject
Global
	GlobalSection(SolutionConfigurationPlatforms) = preSolution
		Debug|Any CPU = Debug|Any CPU
		Release|Any CPU = Release|Any CPU
	EndGlobalSection
	GlobalSection(ProjectConfigurationPlatforms) = postSolution
		{A88731D0-FBD5-448B-8EF8-780D7E9CA8CA}.Debug|Any CPU.ActiveCfg = Debug|Any CPU
		{A88731D0-FBD5-448B-8EF8-780D7E9CA8CA}.Debug|Any CPU.Build.0 = Debug|Any CPU
		{A88731D0-FBD5-448B-8EF8-780D7E9CA8CA}.Release|Any CPU.ActiveCfg = Release|Any CPU
		{A88731D0-FBD5-448B-8EF8-780D7E9CA8CA}.Release|Any CPU.Build.0 = Release|Any CPU
	EndGlobalSection
	GlobalSection(SolutionProperties) = preSolution
		HideSolutionNode = FALSE
	EndGlobalSection
	GlobalSection(ExtensibilityGlobals) = postSolution
		SolutionGuid = {3D9196F1-35C8-4ED5-9D4C-D1F7C1258260}
	EndGlobalSection
EndGlobal
